
Microsoft Visual Studio Solution File, Format Version 12.00
# Visual Studio 14
VisualStudioVersion = 14.0.24720.0
MinimumVisualStudioVersion = 10.0.40219.1
Project("{FAE04EC0-301F-11D3-BF4B-00C04F79EFBC}") = "multiplicate", "multiplicate\multiplicate.csproj", "{93614B07-2EA0-4D84-9200-085AB1273458}"
EndProject
Project("{FAE04EC0-301F-11D3-BF4B-00C04F79EFBC}") = "multiplicate.Tests", "multiplicate.Tests\multiplicate.Tests.csproj", "{C5FF9449-7DCD-4D65-9177-64D29E47EBED}"
EndProject
Global
	GlobalSection(SolutionConfigurationPlatforms) = preSolution
		Debug|Any CPU = Debug|Any CPU
		Release|Any CPU = Release|Any CPU
	EndGlobalSection
	GlobalSection(ProjectConfigurationPlatforms) = postSolution
		{93614B07-2EA0-4D84-9200-085AB1273458}.Debug|Any CPU.ActiveCfg = Debug|Any CPU
		{93614B07-2EA0-4D84-9200-085AB1273458}.Debug|Any CPU.Build.0 = Debug|Any CPU
		{93614B07-2EA0-4D84-9200-085AB1273458}.Release|Any CPU.ActiveCfg = Release|Any CPU
		{93614B07-2EA0-4D84-9200-085AB1273458}.Release|Any CPU.Build.0 = Release|Any CPU
		{C5FF9449-7DCD-4D65-9177-64D29E47EBED}.Debug|Any CPU.ActiveCfg = Debug|Any CPU
		{C5FF9449-7DCD-4D65-9177-64D29E47EBED}.Debug|Any CPU.Build.0 = Debug|Any CPU
		{C5FF9449-7DCD-4D65-9177-64D29E47EBED}.Release|Any CPU.ActiveCfg = Release|Any CPU
		{C5FF9449-7DCD-4D65-9177-64D29E47EBED}.Release|Any CPU.Build.0 = Release|Any CPU
	EndGlobalSection
	GlobalSection(SolutionProperties) = preSolution
		HideSolutionNode = FALSE
	EndGlobalSection
EndGlobal
